{
  "originHash" : "58bab0df2fbd05995cfb0f65a36f8e5b2d984f603ebeda339cad61008924a8a9",
  "pins" : [
    {
      "identity" : "applovin-max-swift-package",
      "kind" : "remoteSourceControl",
      "location" : "https://github.com/AppLovin/AppLovin-MAX-Swift-Package.git",
      "state" : {
        "revision" : "02544c3400d228cce5718e22f71f8d02787ba91e",
        "version" : "13.6.4"
      }
    },
    {
      "identity" : "applovin-max-swift-package-google",
      "kind" : "remoteSourceControl",
      "location" : "https://github.com/AppLovin/AppLovin-MAX-Swift-Package-Google.git",
      "state" : {
        "revision" : "a469377d73872601c687507c96f1de7753efc02f",
        "version" : "13090000.0.0"
      }
    },
    {
      "identity" : "swift-package-manager-google-mobile-ads",
      "kind" : "remoteSourceControl",
      "location" : "https://github.com/googleads/swift-package-manager-google-mobile-ads.git",
      "state" : {
        "revision" : "54efe6d39a7b41b84c1041f21c704a7e6a493d7a",
        "version" : "13.9.0"
      }
    },
    {
      "identity" : "swift-package-manager-google-user-messaging-platform",
      "kind" : "remoteSourceControl",
      "location" : "https://github.com/googleads/swift-package-manager-google-user-messaging-platform.git",
      "state" : {
        "revision" : "13b248eaa73b7826f0efb1bcf455e251d65ecb1b",
        "version" : "3.1.0"
      }
    }
  ],
  "version" : 3
}
