{
  "originHash" : "5cd20817c7718a93207d1220c2f9dc7a5b3ec288c226ade4e47a45bb48c6acba",
  "pins" : [
    {
      "identity" : "applovin-max-swift-package",
      "kind" : "remoteSourceControl",
      "location" : "https://github.com/AppLovin/AppLovin-MAX-Swift-Package.git",
      "state" : {
        "revision" : "02544c3400d228cce5718e22f71f8d02787ba91e",
        "version" : "13.6.4"
      }
    }
  ],
  "version" : 3
}
